
Microsoft Visual Studio Solution File, Format Version 12.00
# Visual Studio Version 16
VisualStudioVersion = 16.0.31729.503
MinimumVisualStudioVersion = 10.0.40219.1
Project("{FAE04EC0-301F-11D3-BF4B-00C04F79EFBC}") = "ReadImageFile", "ReadImageFile/ReadImageFile.csproj", "{903039C7-4604-4812-A97F-1691A9E829F6}"
EndProject
Global
	GlobalSection(SolutionConfigurationPlatforms) = preSolution
		Debug|Any CPU = Debug|Any CPU
		Release|Any CPU = Release|Any CPU
	EndGlobalSection
	GlobalSection(ProjectConfigurationPlatforms) = postSolution
		{903039C7-4604-4812-A97F-1691A9E829F6}.Debug|Any CPU.ActiveCfg = Debug|Any CPU
		{903039C7-4604-4812-A97F-1691A9E829F6}.Debug|Any CPU.Build.0 = Debug|Any CPU
		{903039C7-4604-4812-A97F-1691A9E829F6}.Release|Any CPU.ActiveCfg = Release|Any CPU
		{903039C7-4604-4812-A97F-1691A9E829F6}.Release|Any CPU.Build.0 = Release|Any CPU
	EndGlobalSection
	GlobalSection(SolutionProperties) = preSolution
		HideSolutionNode = FALSE
	EndGlobalSection
	GlobalSection(ExtensibilityGlobals) = postSolution
		SolutionGuid = {3FFCF823-0F9A-46E2-A2C2-4DA074185D94}
	EndGlobalSection
EndGlobal
